
Microsoft Visual Studio Solution File, Format Version 12.00
# Visual Studio 2013
VisualStudioVersion = 12.0.21005.1
MinimumVisualStudioVersion = 10.0.40219.1
Project("{FAE04EC0-301F-11D3-BF4B-00C04F79EFBC}") = "Project.Web", "Project.Web\Project.Web.csproj", "{0E5CA581-04B8-4409-B033-B90252B0CB33}"
EndProject
Project("{FAE04EC0-301F-11D3-BF4B-00C04F79EFBC}") = "Project.DAL", "Project.DAL\Project.DAL.csproj", "{0471C27F-F931-4974-97AD-0D24D580E21E}"
EndProject
Project("{FAE04EC0-301F-11D3-BF4B-00C04F79EFBC}") = "Project.WebAPI", "Project.WebAPI\Project.WebAPI.csproj", "{9BC8A2F4-F4E4-49ED-8B71-6AAB30C5CFD3}"
EndProject
Global
	GlobalSection(SolutionConfigurationPlatforms) = preSolution
		Debug|Any CPU = Debug|Any CPU
		Release|Any CPU = Release|Any CPU
	EndGlobalSection
	GlobalSection(ProjectConfigurationPlatforms) = postSolution
		{0E5CA581-04B8-4409-B033-B90252B0CB33}.Debug|Any CPU.ActiveCfg = Debug|Any CPU
		{0E5CA581-04B8-4409-B033-B90252B0CB33}.Debug|Any CPU.Build.0 = Debug|Any CPU
		{0E5CA581-04B8-4409-B033-B90252B0CB33}.Release|Any CPU.ActiveCfg = Release|Any CPU
		{0E5CA581-04B8-4409-B033-B90252B0CB33}.Release|Any CPU.Build.0 = Release|Any CPU
		{0471C27F-F931-4974-97AD-0D24D580E21E}.Debug|Any CPU.ActiveCfg = Debug|Any CPU
		{0471C27F-F931-4974-97AD-0D24D580E21E}.Debug|Any CPU.Build.0 = Debug|Any CPU
		{0471C27F-F931-4974-97AD-0D24D580E21E}.Release|Any CPU.ActiveCfg = Release|Any CPU
		{0471C27F-F931-4974-97AD-0D24D580E21E}.Release|Any CPU.Build.0 = Release|Any CPU
		{9BC8A2F4-F4E4-49ED-8B71-6AAB30C5CFD3}.Debug|Any CPU.ActiveCfg = Debug|Any CPU
		{9BC8A2F4-F4E4-49ED-8B71-6AAB30C5CFD3}.Debug|Any CPU.Build.0 = Debug|Any CPU
		{9BC8A2F4-F4E4-49ED-8B71-6AAB30C5CFD3}.Release|Any CPU.ActiveCfg = Release|Any CPU
		{9BC8A2F4-F4E4-49ED-8B71-6AAB30C5CFD3}.Release|Any CPU.Build.0 = Release|Any CPU
	EndGlobalSection
	GlobalSection(SolutionProperties) = preSolution
		HideSolutionNode = FALSE
	EndGlobalSection
EndGlobal
